
Microsoft Visual Studio Solution File, Format Version 12.00
# Visual Studio 15
VisualStudioVersion = 15.0.28010.2048
MinimumVisualStudioVersion = 10.0.40219.1
Project("{FAE04EC0-301F-11D3-BF4B-00C04F79EFBC}") = "Strategy Pattern", "Strategy Pattern\Strategy Pattern.csproj", "{2194BB58-816D-48D3-BCAB-2167C3AA93C7}"
EndProject
Global
	GlobalSection(SolutionConfigurationPlatforms) = preSolution
		Debug|Any CPU = Debug|Any CPU
		Release|Any CPU = Release|Any CPU
	EndGlobalSection
	GlobalSection(ProjectConfigurationPlatforms) = postSolution
		{2194BB58-816D-48D3-BCAB-2167C3AA93C7}.Debug|Any CPU.ActiveCfg = Debug|Any CPU
		{2194BB58-816D-48D3-BCAB-2167C3AA93C7}.Debug|Any CPU.Build.0 = Debug|Any CPU
		{2194BB58-816D-48D3-BCAB-2167C3AA93C7}.Release|Any CPU.ActiveCfg = Release|Any CPU
		{2194BB58-816D-48D3-BCAB-2167C3AA93C7}.Release|Any CPU.Build.0 = Release|Any CPU
	EndGlobalSection
	GlobalSection(SolutionProperties) = preSolution
		HideSolutionNode = FALSE
	EndGlobalSection
	GlobalSection(ExtensibilityGlobals) = postSolution
		SolutionGuid = {3BDC8BB8-316E-404D-A78A-698E46A0636D}
	EndGlobalSection
EndGlobal
